
Microsoft Visual Studio Solution File, Format Version 12.00
# Visual Studio Version 17
VisualStudioVersion = 17.8.34316.72
MinimumVisualStudioVersion = 10.0.40219.1
Project("{FAE04EC0-301F-11D3-BF4B-00C04F79EFBC}") = "Izzet", "Izzet\Izzet.csproj", "{78C61BCA-E580-4CD6-BFB0-BF56C158032C}"
EndProject
Global
	GlobalSection(SolutionConfigurationPlatforms) = preSolution
		Debug|Any CPU = Debug|Any CPU
		Release|Any CPU = Release|Any CPU
	EndGlobalSection
	GlobalSection(ProjectConfigurationPlatforms) = postSolution
		{78C61BCA-E580-4CD6-BFB0-BF56C158032C}.Debug|Any CPU.ActiveCfg = Debug|Any CPU
		{78C61BCA-E580-4CD6-BFB0-BF56C158032C}.Debug|Any CPU.Build.0 = Debug|Any CPU
		{78C61BCA-E580-4CD6-BFB0-BF56C158032C}.Release|Any CPU.ActiveCfg = Release|Any CPU
		{78C61BCA-E580-4CD6-BFB0-BF56C158032C}.Release|Any CPU.Build.0 = Release|Any CPU
	EndGlobalSection
	GlobalSection(SolutionProperties) = preSolution
		HideSolutionNode = FALSE
	EndGlobalSection
	GlobalSection(ExtensibilityGlobals) = postSolution
		SolutionGuid = {A6FEBD06-2236-4541-B94D-498BC5E8696D}
	EndGlobalSection
EndGlobal
